<?xml version="1.0" encoding="utf-8"?>
<Project ToolsVersion="4.0" xmlns="http://schemas.microsoft.com/developer/msbuild/2003">
  <ItemGroup>
    <Filter Include="99.Default">
      <UniqueIdentifier>{40acc09e-bac1-479b-8608-c20002289c3a}</UniqueIdentifier>
    </Filter>
    <Filter Include="98.PreCompile">
      <UniqueIdentifier>{2ed33fc2-98a2-4344-a2dc-d299679456c7}</UniqueIdentifier>
    </Filter>
    <Filter Include="99.Default\리소스 파일">
      <UniqueIdentifier>{67DA6AB6-F800-4c08-8B7A-83BB121AAD01}</UniqueIdentifier>
      <Extensions>rc;ico;cur;bmp;dlg;rc2;rct;bin;rgs;gif;jpg;jpeg;jpe;resx;tiff;tif;png;wav;mfcribbon-ms</Extensions>
    </Filter>
    <Filter Include="97.Main">
      <UniqueIdentifier>{f719a2ed-3692-4b41-8fcc-d7f96d0f320d}</UniqueIdentifier>
    </Filter>
    <Filter Include="00.Frame">
      <UniqueIdentifier>{40b3ac6c-bc60-414f-902f-49dd6b176de9}</UniqueIdentifier>
    </Filter>
    <Filter Include="01.View">
      <UniqueIdentifier>{fff9d82c-f552-47ae-b477-f50ba29c9ac2}</UniqueIdentifier>
    </Filter>
    <Filter Include="02.Doc">
      <UniqueIdentifier>{82d0972d-f378-4f55-8f81-4b9ba9d4e319}</UniqueIdentifier>
    </Filter>
    <Filter Include="03.Manager">
      <UniqueIdentifier>{b44f6baf-4b82-45f9-ad8f-6df038cae701}</UniqueIdentifier>
    </Filter>
    <Filter Include="98.PreCompile\Extern">
      <UniqueIdentifier>{5fd6f06f-7944-4687-8bf1-89388c034f26}</UniqueIdentifier>
    </Filter>
    <Filter Include="98.PreCompile\Define">
      <UniqueIdentifier>{35b65c3b-1085-4b5a-9db6-b910f51403f0}</UniqueIdentifier>
    </Filter>
    <Filter Include="98.PreCompile\Struct">
      <UniqueIdentifier>{748d8bad-8b93-4ff0-bd2b-a52d6e018c0d}</UniqueIdentifier>
    </Filter>
    <Filter Include="98.PreCompile\Enum">
      <UniqueIdentifier>{6fc35de0-a7ed-4882-b455-486d10cc5afc}</UniqueIdentifier>
    </Filter>
    <Filter Include="04.GameObject">
      <UniqueIdentifier>{dd9310f7-f85d-4229-951c-a128e85ca93f}</UniqueIdentifier>
    </Filter>
    <Filter Include="05.Texture">
      <UniqueIdentifier>{6c00e72d-0dd0-47fe-87f2-f2bfbf057a76}</UniqueIdentifier>
    </Filter>
  </ItemGroup>
  <ItemGroup>
    <ClInclude Include="stdafx.h">
      <Filter>98.PreCompile</Filter>
    </ClInclude>
    <ClInclude Include="Resource.h">
      <Filter>99.Default</Filter>
    </ClInclude>
    <ClInclude Include="targetver.h">
      <Filter>99.Default</Filter>
    </ClInclude>
    <ClInclude Include="MFC_TeamTool.h">
      <Filter>97.Main</Filter>
    </ClInclude>
    <ClInclude Include="MainFrm.h">
      <Filter>00.Frame</Filter>
    </ClInclude>
    <ClInclude Include="MFC_TeamToolView.h">
      <Filter>01.View</Filter>
    </ClInclude>
    <ClInclude Include="MFC_TeamToolDoc.h">
      <Filter>02.Doc</Filter>
    </ClInclude>
    <ClInclude Include="DeviceManager.h">
      <Filter>03.Manager</Filter>
    </ClInclude>
    <ClInclude Include="TextureManager.h">
      <Filter>03.Manager</Filter>
    </ClInclude>
    <ClInclude Include="Extern.h">
      <Filter>98.PreCompile\Extern</Filter>
    </ClInclude>
    <ClInclude Include="Define.h">
      <Filter>98.PreCompile\Define</Filter>
    </ClInclude>
    <ClInclude Include="Enum.h">
      <Filter>98.PreCompile\Enum</Filter>
    </ClInclude>
    <ClInclude Include="Struct.h">
      <Filter>98.PreCompile\Struct</Filter>
    </ClInclude>
    <ClInclude Include="Singleton.h">
      <Filter>98.PreCompile</Filter>
    </ClInclude>
    <ClInclude Include="Texture.h">
      <Filter>05.Texture</Filter>
    </ClInclude>
    <ClInclude Include="GameObject.h">
      <Filter>04.GameObject</Filter>
    </ClInclude>
    <ClInclude Include="FileIO.h">
      <Filter>98.PreCompile</Filter>
    </ClInclude>
    <ClInclude Include="MainFormView.h">
      <Filter>01.View</Filter>
    </ClInclude>
    <ClInclude Include="GameObjectManager.h">
      <Filter>03.Manager</Filter>
    </ClInclude>
    <ClInclude Include="MFC_Utility.h" />
  </ItemGroup>
  <ItemGroup>
    <ClCompile Include="stdafx.cpp">
      <Filter>98.PreCompile</Filter>
    </ClCompile>
    <ClCompile Include="MFC_TeamTool.cpp">
      <Filter>97.Main</Filter>
    </ClCompile>
    <ClCompile Include="MainFrm.cpp">
      <Filter>00.Frame</Filter>
    </ClCompile>
    <ClCompile Include="MFC_TeamToolView.cpp">
      <Filter>01.View</Filter>
    </ClCompile>
    <ClCompile Include="MFC_TeamToolDoc.cpp">
      <Filter>02.Doc</Filter>
    </ClCompile>
    <ClCompile Include="DeviceManager.cpp">
      <Filter>03.Manager</Filter>
    </ClCompile>
    <ClCompile Include="TextureManager.cpp">
      <Filter>03.Manager</Filter>
    </ClCompile>
    <ClCompile Include="Texture.cpp">
      <Filter>05.Texture</Filter>
    </ClCompile>
    <ClCompile Include="GameObject.cpp">
      <Filter>04.GameObject</Filter>
    </ClCompile>
    <ClCompile Include="FileIO.cpp">
      <Filter>98.PreCompile</Filter>
    </ClCompile>
    <ClCompile Include="MainFormView.cpp">
      <Filter>01.View</Filter>
    </ClCompile>
    <ClCompile Include="GameObjectManager.cpp">
      <Filter>03.Manager</Filter>
    </ClCompile>
    <ClCompile Include="MFC_Utility.cpp" />
  </ItemGroup>
  <ItemGroup>
    <ResourceCompile Include="MFC_TeamTool.rc">
      <Filter>99.Default\리소스 파일</Filter>
    </ResourceCompile>
  </ItemGroup>
  <ItemGroup>
    <None Include="res\MFC_TeamTool.rc2">
      <Filter>99.Default\리소스 파일</Filter>
    </None>
  </ItemGroup>
  <ItemGroup>
    <Image Include="res\MFC_TeamToolDoc.ico">
      <Filter>99.Default\리소스 파일</Filter>
    </Image>
    <Image Include="res\MFC_TeamTool.ico">
      <Filter>99.Default\리소스 파일</Filter>
    </Image>
    <Image Include="res\Toolbar.bmp">
      <Filter>99.Default\리소스 파일</Filter>
    </Image>
  </ItemGroup>
  <ItemGroup>
    <Text Include="ReadMe.txt">
      <Filter>99.Default</Filter>
    </Text>
  </ItemGroup>
</Project>